
Microsoft Visual Studio Solution File, Format Version 12.00
# Visual Studio 15
VisualStudioVersion = 15.0.26430.16
MinimumVisualStudioVersion = 10.0.40219.1
Project("{FAE04EC0-301F-11D3-BF4B-00C04F79EFBC}") = "DLLAsynch2", "DLLAsynch2\DLLAsynch2.csproj", "{FFB9197A-4D6A-4BAC-BD17-A1DF4CF790B5}"
EndProject
Project("{FAE04EC0-301F-11D3-BF4B-00C04F79EFBC}") = "ConsoleApp1", "ConsoleApp1\ConsoleApp1.csproj", "{2A9AFCB0-B8E4-4215-9CE7-7066EABF34FE}"
EndProject
Global
	GlobalSection(SolutionConfigurationPlatforms) = preSolution
		Debug|Any CPU = Debug|Any CPU
		Release|Any CPU = Release|Any CPU
	EndGlobalSection
	GlobalSection(ProjectConfigurationPlatforms) = postSolution
		{FFB9197A-4D6A-4BAC-BD17-A1DF4CF790B5}.Debug|Any CPU.ActiveCfg = Debug|Any CPU
		{FFB9197A-4D6A-4BAC-BD17-A1DF4CF790B5}.Debug|Any CPU.Build.0 = Debug|Any CPU
		{FFB9197A-4D6A-4BAC-BD17-A1DF4CF790B5}.Release|Any CPU.ActiveCfg = Release|Any CPU
		{FFB9197A-4D6A-4BAC-BD17-A1DF4CF790B5}.Release|Any CPU.Build.0 = Release|Any CPU
		{2A9AFCB0-B8E4-4215-9CE7-7066EABF34FE}.Debug|Any CPU.ActiveCfg = Debug|Any CPU
		{2A9AFCB0-B8E4-4215-9CE7-7066EABF34FE}.Debug|Any CPU.Build.0 = Debug|Any CPU
		{2A9AFCB0-B8E4-4215-9CE7-7066EABF34FE}.Release|Any CPU.ActiveCfg = Release|Any CPU
		{2A9AFCB0-B8E4-4215-9CE7-7066EABF34FE}.Release|Any CPU.Build.0 = Release|Any CPU
	EndGlobalSection
	GlobalSection(SolutionProperties) = preSolution
		HideSolutionNode = FALSE
	EndGlobalSection
	GlobalSection(TeamFoundationVersionControl) = preSolution
		SccNumberOfProjects = 3
		SccEnterpriseProvider = {4CA58AB2-18FA-4F8D-95D4-32DDF27D184C}
		SccTeamFoundationServer = http://192.168.1.190:8080/tfs/infochrome
		SccLocalPath0 = .
		SccProjectUniqueName1 = DLLAsynch2\\DLLAsynch2.csproj
		SccProjectName1 = DLLAsynch2
		SccLocalPath1 = DLLAsynch2
		SccProjectUniqueName2 = ConsoleApp1\\ConsoleApp1.csproj
		SccProjectName2 = ConsoleApp1
		SccLocalPath2 = ConsoleApp1
	EndGlobalSection
EndGlobal
